
Microsoft Visual Studio Solution File, Format Version 12.00
# Visual Studio Version 16
VisualStudioVersion = 16.0.29123.88
MinimumVisualStudioVersion = 10.0.40219.1
Project("{FAE04EC0-301F-11D3-BF4B-00C04F79EFBC}") = "shapiro123", "shapiro123\shapiro123.csproj", "{1BBD055A-22FE-4D4F-8791-F452C74D73B8}"
EndProject
Global
	GlobalSection(SolutionConfigurationPlatforms) = preSolution
		Debug|Any CPU = Debug|Any CPU
		Release|Any CPU = Release|Any CPU
	EndGlobalSection
	GlobalSection(ProjectConfigurationPlatforms) = postSolution
		{1BBD055A-22FE-4D4F-8791-F452C74D73B8}.Debug|Any CPU.ActiveCfg = Debug|Any CPU
		{1BBD055A-22FE-4D4F-8791-F452C74D73B8}.Debug|Any CPU.Build.0 = Debug|Any CPU
		{1BBD055A-22FE-4D4F-8791-F452C74D73B8}.Release|Any CPU.ActiveCfg = Release|Any CPU
		{1BBD055A-22FE-4D4F-8791-F452C74D73B8}.Release|Any CPU.Build.0 = Release|Any CPU
	EndGlobalSection
	GlobalSection(SolutionProperties) = preSolution
		HideSolutionNode = FALSE
	EndGlobalSection
	GlobalSection(ExtensibilityGlobals) = postSolution
		SolutionGuid = {18670C62-6C52-4CC3-9C26-3590BA2B5FD1}
	EndGlobalSection
EndGlobal
